<?xml version="1.0" encoding="utf-8"?>
<Project ToolsVersion="4.0" xmlns="http://schemas.microsoft.com/developer/msbuild/2003">
  <ItemGroup>
    <Filter Include="Characters">
      <UniqueIdentifier>{014d8c5b-ae06-4a91-93cc-f87c0eb92e61}</UniqueIdentifier>
    </Filter>
    <Filter Include="Characters\Player">
      <UniqueIdentifier>{a2a939b9-ee85-43a9-96fe-e283e4d9a853}</UniqueIdentifier>
    </Filter>
    <Filter Include="Characters\Enemy">
      <UniqueIdentifier>{49c5a1d0-d389-48da-a3b9-915bcb712241}</UniqueIdentifier>
    </Filter>
    <Filter Include="Level">
      <UniqueIdentifier>{f2c27ffa-e708-484a-8929-9e13c59f0916}</UniqueIdentifier>
    </Filter>
    <Filter Include="StateMachine">
      <UniqueIdentifier>{787fc4ed-344c-4a70-bde2-9da855b13427}</UniqueIdentifier>
    </Filter>
    <Filter Include="UI">
      <UniqueIdentifier>{36306c3e-467e-4257-a969-7ae81f880e2a}</UniqueIdentifier>
    </Filter>
    <Filter Include="Game">
      <UniqueIdentifier>{8a0d2233-d1d3-45bf-a286-bea968932eb5}</UniqueIdentifier>
    </Filter>
  </ItemGroup>
  <ItemGroup>
    <ClCompile Include="PlayerInput.cpp">
      <Filter>Characters\Player</Filter>
    </ClCompile>
    <ClCompile Include="Qbert.cpp">
      <Filter>Characters\Player</Filter>
    </ClCompile>
    <ClCompile Include="QbertFactory.cpp">
      <Filter>Characters\Player</Filter>
    </ClCompile>
    <ClCompile Include="QbertScenes.cpp">
      <Filter>Characters\Player</Filter>
    </ClCompile>
    <ClCompile Include="Coily.cpp">
      <Filter>Characters\Enemy</Filter>
    </ClCompile>
    <ClCompile Include="CoilyStates.cpp">
      <Filter>Characters\Enemy</Filter>
    </ClCompile>
    <ClCompile Include="EnemyFactory.cpp">
      <Filter>Characters\Enemy</Filter>
    </ClCompile>
    <ClCompile Include="EnemyHit.cpp">
      <Filter>Characters\Enemy</Filter>
    </ClCompile>
    <ClCompile Include="EnemySpawner.cpp">
      <Filter>Characters\Enemy</Filter>
    </ClCompile>
    <ClCompile Include="MoveDown.cpp">
      <Filter>Characters\Enemy</Filter>
    </ClCompile>
    <ClCompile Include="SlickSam.cpp">
      <Filter>Characters\Enemy</Filter>
    </ClCompile>
    <ClCompile Include="Movement.cpp">
      <Filter>Characters</Filter>
    </ClCompile>
    <ClCompile Include="LevelCubeActivator.cpp">
      <Filter>Characters</Filter>
    </ClCompile>
    <ClCompile Include="Disc.cpp">
      <Filter>Level</Filter>
    </ClCompile>
    <ClCompile Include="Level.cpp">
      <Filter>Level</Filter>
    </ClCompile>
    <ClCompile Include="LevelCube.cpp">
      <Filter>Level</Filter>
    </ClCompile>
    <ClCompile Include="LevelFactory.cpp">
      <Filter>Level</Filter>
    </ClCompile>
    <ClCompile Include="Walkable.cpp">
      <Filter>Level</Filter>
    </ClCompile>
    <ClCompile Include="StateMachine.cpp">
      <Filter>StateMachine</Filter>
    </ClCompile>
    <ClCompile Include="GameDone.cpp">
      <Filter>UI</Filter>
    </ClCompile>
    <ClCompile Include="GameOver.cpp">
      <Filter>UI</Filter>
    </ClCompile>
    <ClCompile Include="Lives.cpp">
      <Filter>UI</Filter>
    </ClCompile>
    <ClCompile Include="Score.cpp">
      <Filter>UI</Filter>
    </ClCompile>
    <ClCompile Include="main.cpp">
      <Filter>Game</Filter>
    </ClCompile>
    <ClCompile Include="pch.cpp">
      <Filter>Game</Filter>
    </ClCompile>
  </ItemGroup>
  <ItemGroup>
    <ClInclude Include="PlayerInput.h">
      <Filter>Characters\Player</Filter>
    </ClInclude>
    <ClInclude Include="Qbert.h">
      <Filter>Characters\Player</Filter>
    </ClInclude>
    <ClInclude Include="QbertFactory.h">
      <Filter>Characters\Player</Filter>
    </ClInclude>
    <ClInclude Include="QbertObserver.h">
      <Filter>Characters\Player</Filter>
    </ClInclude>
    <ClInclude Include="Coily.h">
      <Filter>Characters\Enemy</Filter>
    </ClInclude>
    <ClInclude Include="CoilyStates.h">
      <Filter>Characters\Enemy</Filter>
    </ClInclude>
    <ClInclude Include="EnemyFactory.h">
      <Filter>Characters\Enemy</Filter>
    </ClInclude>
    <ClInclude Include="EnemyHit.h">
      <Filter>Characters\Enemy</Filter>
    </ClInclude>
    <ClInclude Include="EnemySpawner.h">
      <Filter>Characters\Enemy</Filter>
    </ClInclude>
    <ClInclude Include="MoveDown.h">
      <Filter>Characters\Enemy</Filter>
    </ClInclude>
    <ClInclude Include="SlickSam.h">
      <Filter>Characters\Enemy</Filter>
    </ClInclude>
    <ClInclude Include="Movement.h">
      <Filter>Characters</Filter>
    </ClInclude>
    <ClInclude Include="MovementObserver.h">
      <Filter>Characters</Filter>
    </ClInclude>
    <ClInclude Include="LevelCubeActivator.h">
      <Filter>Characters</Filter>
    </ClInclude>
    <ClInclude Include="Disc.h">
      <Filter>Level</Filter>
    </ClInclude>
    <ClInclude Include="DiscObserver.h">
      <Filter>Level</Filter>
    </ClInclude>
    <ClInclude Include="Level.h">
      <Filter>Level</Filter>
    </ClInclude>
    <ClInclude Include="LevelCube.h">
      <Filter>Level</Filter>
    </ClInclude>
    <ClInclude Include="LevelCubeObserver.h">
      <Filter>Level</Filter>
    </ClInclude>
    <ClInclude Include="LevelEnums.h">
      <Filter>Level</Filter>
    </ClInclude>
    <ClInclude Include="LevelFactory.h">
      <Filter>Level</Filter>
    </ClInclude>
    <ClInclude Include="LevelObserver.h">
      <Filter>Level</Filter>
    </ClInclude>
    <ClInclude Include="Walkable.h">
      <Filter>Level</Filter>
    </ClInclude>
    <ClInclude Include="StateMachine.h">
      <Filter>StateMachine</Filter>
    </ClInclude>
    <ClInclude Include="IState.h">
      <Filter>StateMachine</Filter>
    </ClInclude>
    <ClInclude Include="GameDone.h">
      <Filter>UI</Filter>
    </ClInclude>
    <ClInclude Include="GameOver.h">
      <Filter>UI</Filter>
    </ClInclude>
    <ClInclude Include="Lives.h">
      <Filter>UI</Filter>
    </ClInclude>
    <ClInclude Include="Score.h">
      <Filter>UI</Filter>
    </ClInclude>
    <ClInclude Include="pch.h">
      <Filter>Game</Filter>
    </ClInclude>
    <ClInclude Include="QbertScenes.h">
      <Filter>Game</Filter>
    </ClInclude>
  </ItemGroup>
</Project>